
Microsoft Visual Studio Solution File, Format Version 12.00
# Visual Studio Version 17
VisualStudioVersion = 17.8.34302.71
MinimumVisualStudioVersion = 10.0.40219.1
Project("{FAE04EC0-301F-11D3-BF4B-00C04F79EFBC}") = "OfficeAttendanceApp.Server", "OfficeAttendanceApp.Server\OfficeAttendanceApp.Server.csproj", "{B29F7E54-5E82-46DB-8531-08572B5C38AF}"
EndProject
Project("{54A90642-561A-4BB1-A94E-469ADEE60C69}") = "officeattendanceapp.client", "officeattendanceapp.client\officeattendanceapp.client.esproj", "{0CAA1DD9-7388-4C2F-96FC-3C74F9B570C7}"
EndProject
Global
	GlobalSection(SolutionConfigurationPlatforms) = preSolution
		Debug|Any CPU = Debug|Any CPU
		Release|Any CPU = Release|Any CPU
	EndGlobalSection
	GlobalSection(ProjectConfigurationPlatforms) = postSolution
		{B29F7E54-5E82-46DB-8531-08572B5C38AF}.Debug|Any CPU.ActiveCfg = Debug|Any CPU
		{B29F7E54-5E82-46DB-8531-08572B5C38AF}.Debug|Any CPU.Build.0 = Debug|Any CPU
		{B29F7E54-5E82-46DB-8531-08572B5C38AF}.Release|Any CPU.ActiveCfg = Release|Any CPU
		{B29F7E54-5E82-46DB-8531-08572B5C38AF}.Release|Any CPU.Build.0 = Release|Any CPU
		{0CAA1DD9-7388-4C2F-96FC-3C74F9B570C7}.Debug|Any CPU.ActiveCfg = Debug|Any CPU
		{0CAA1DD9-7388-4C2F-96FC-3C74F9B570C7}.Debug|Any CPU.Build.0 = Debug|Any CPU
		{0CAA1DD9-7388-4C2F-96FC-3C74F9B570C7}.Debug|Any CPU.Deploy.0 = Debug|Any CPU
		{0CAA1DD9-7388-4C2F-96FC-3C74F9B570C7}.Release|Any CPU.ActiveCfg = Release|Any CPU
		{0CAA1DD9-7388-4C2F-96FC-3C74F9B570C7}.Release|Any CPU.Build.0 = Release|Any CPU
		{0CAA1DD9-7388-4C2F-96FC-3C74F9B570C7}.Release|Any CPU.Deploy.0 = Release|Any CPU
	EndGlobalSection
	GlobalSection(SolutionProperties) = preSolution
		HideSolutionNode = FALSE
	EndGlobalSection
	GlobalSection(ExtensibilityGlobals) = postSolution
		SolutionGuid = {8F502270-04C5-4F11-8E29-E982532B0C5F}
	EndGlobalSection
EndGlobal
